
Microsoft Visual Studio Solution File, Format Version 12.00
# Visual Studio Version 16
VisualStudioVersion = 16.0.30804.86
MinimumVisualStudioVersion = 10.0.40219.1
Project("{9A19103F-16F7-4668-BE54-9A1E7A4F7556}") = "KampIntro", "KampIntro\KampIntro.csproj", "{BD0A6ABF-7859-450F-BBD7-3C3F4D66F8FD}"
EndProject
Project("{9A19103F-16F7-4668-BE54-9A1E7A4F7556}") = "Donguler", "Donguler\Donguler.csproj", "{9D276BC4-C27C-477F-95B4-7126F787D266}"
EndProject
Project("{9A19103F-16F7-4668-BE54-9A1E7A4F7556}") = "classIntro", "classIntro\classIntro.csproj", "{FDA3A1FF-8ADF-40C8-B310-19F0D0561ACF}"
EndProject
Project("{9A19103F-16F7-4668-BE54-9A1E7A4F7556}") = "2.gunOdevkendimyazdim", "2.gunOdevkendimyazdim\2.gunOdevkendimyazdim.csproj", "{B5B68732-1F29-4FB7-BF7D-CCE34BE25B0E}"
EndProject
Project("{9A19103F-16F7-4668-BE54-9A1E7A4F7556}") = "2.gunKodlamaioOdev", "2.gunKodlamaioOdev\2.gunKodlamaioOdev.csproj", "{E60A923F-2E41-47E1-9B1D-EBB9F0A6851B}"
EndProject
Project("{9A19103F-16F7-4668-BE54-9A1E7A4F7556}") = "classDeneme", "classDeneme\classDeneme.csproj", "{3F1E658F-1723-4C1F-A0E3-EF51A5C875C9}"
EndProject
Project("{9A19103F-16F7-4668-BE54-9A1E7A4F7556}") = "classDeneme2", "classDeneme2\classDeneme2.csproj", "{9428DDB4-CF87-4542-94AC-F30952C93489}"
EndProject
Project("{9A19103F-16F7-4668-BE54-9A1E7A4F7556}") = "classDeneme3", "classDeneme3\classDeneme3.csproj", "{DD89E7A2-E33A-4745-94BA-FC912DCB9722}"
EndProject
Project("{9A19103F-16F7-4668-BE54-9A1E7A4F7556}") = "Methods", "Methods\Methods.csproj", "{F68B7C8A-7AD5-40F0-BF8C-31A5D02E10B5}"
EndProject
Project("{9A19103F-16F7-4668-BE54-9A1E7A4F7556}") = "Matematik", "Matematik\Matematik.csproj", "{5A2874FA-00DC-493B-952A-7037DC53EB9E}"
EndProject
Project("{9A19103F-16F7-4668-BE54-9A1E7A4F7556}") = "DegerVeReferasTipler", "DegerVeReferasTipler\DegerVeReferasTipler.csproj", "{603797B3-2F68-46A9-955A-02B71A05913B}"
EndProject
Project("{9A19103F-16F7-4668-BE54-9A1E7A4F7556}") = "OOP1", "OOP1\OOP1.csproj", "{9F2631C6-6554-4DC8-A218-18F5CCE04688}"
EndProject
Project("{9A19103F-16F7-4668-BE54-9A1E7A4F7556}") = "Koleksiyonlar", "Koleksiyonlar\Koleksiyonlar.csproj", "{4CC12B9F-A62A-419B-A81B-F1D02470CEDE}"
EndProject
Project("{9A19103F-16F7-4668-BE54-9A1E7A4F7556}") = "GenericsIntro", "GenericsIntro\GenericsIntro.csproj", "{22CAB1DC-8BBC-4E44-9F10-4AE7EAA39EC7}"
EndProject
Project("{FAE04EC0-301F-11D3-BF4B-00C04F79EFBC}") = "OOP2", "OOP2\OOP2.csproj", "{BE70FE43-737C-476C-B09D-2164B0807701}"
EndProject
Project("{FAE04EC0-301F-11D3-BF4B-00C04F79EFBC}") = "OOP3", "OOP3\OOP3.csproj", "{9838F382-AD2F-42E4-9A7F-5D9388101B08}"
EndProject
Global
	GlobalSection(SolutionConfigurationPlatforms) = preSolution
		Debug|Any CPU = Debug|Any CPU
		Release|Any CPU = Release|Any CPU
	EndGlobalSection
	GlobalSection(ProjectConfigurationPlatforms) = postSolution
		{BD0A6ABF-7859-450F-BBD7-3C3F4D66F8FD}.Debug|Any CPU.ActiveCfg = Debug|Any CPU
		{BD0A6ABF-7859-450F-BBD7-3C3F4D66F8FD}.Debug|Any CPU.Build.0 = Debug|Any CPU
		{BD0A6ABF-7859-450F-BBD7-3C3F4D66F8FD}.Release|Any CPU.ActiveCfg = Release|Any CPU
		{BD0A6ABF-7859-450F-BBD7-3C3F4D66F8FD}.Release|Any CPU.Build.0 = Release|Any CPU
		{9D276BC4-C27C-477F-95B4-7126F787D266}.Debug|Any CPU.ActiveCfg = Debug|Any CPU
		{9D276BC4-C27C-477F-95B4-7126F787D266}.Debug|Any CPU.Build.0 = Debug|Any CPU
		{9D276BC4-C27C-477F-95B4-7126F787D266}.Release|Any CPU.ActiveCfg = Release|Any CPU
		{9D276BC4-C27C-477F-95B4-7126F787D266}.Release|Any CPU.Build.0 = Release|Any CPU
		{FDA3A1FF-8ADF-40C8-B310-19F0D0561ACF}.Debug|Any CPU.ActiveCfg = Debug|Any CPU
		{FDA3A1FF-8ADF-40C8-B310-19F0D0561ACF}.Debug|Any CPU.Build.0 = Debug|Any CPU
		{FDA3A1FF-8ADF-40C8-B310-19F0D0561ACF}.Release|Any CPU.ActiveCfg = Release|Any CPU
		{FDA3A1FF-8ADF-40C8-B310-19F0D0561ACF}.Release|Any CPU.Build.0 = Release|Any CPU
		{B5B68732-1F29-4FB7-BF7D-CCE34BE25B0E}.Debug|Any CPU.ActiveCfg = Debug|Any CPU
		{B5B68732-1F29-4FB7-BF7D-CCE34BE25B0E}.Debug|Any CPU.Build.0 = Debug|Any CPU
		{B5B68732-1F29-4FB7-BF7D-CCE34BE25B0E}.Release|Any CPU.ActiveCfg = Release|Any CPU
		{B5B68732-1F29-4FB7-BF7D-CCE34BE25B0E}.Release|Any CPU.Build.0 = Release|Any CPU
		{E60A923F-2E41-47E1-9B1D-EBB9F0A6851B}.Debug|Any CPU.ActiveCfg = Debug|Any CPU
		{E60A923F-2E41-47E1-9B1D-EBB9F0A6851B}.Debug|Any CPU.Build.0 = Debug|Any CPU
		{E60A923F-2E41-47E1-9B1D-EBB9F0A6851B}.Release|Any CPU.ActiveCfg = Release|Any CPU
		{E60A923F-2E41-47E1-9B1D-EBB9F0A6851B}.Release|Any CPU.Build.0 = Release|Any CPU
		{3F1E658F-1723-4C1F-A0E3-EF51A5C875C9}.Debug|Any CPU.ActiveCfg = Debug|Any CPU
		{3F1E658F-1723-4C1F-A0E3-EF51A5C875C9}.Debug|Any CPU.Build.0 = Debug|Any CPU
		{3F1E658F-1723-4C1F-A0E3-EF51A5C875C9}.Release|Any CPU.ActiveCfg = Release|Any CPU
		{3F1E658F-1723-4C1F-A0E3-EF51A5C875C9}.Release|Any CPU.Build.0 = Release|Any CPU
		{9428DDB4-CF87-4542-94AC-F30952C93489}.Debug|Any CPU.ActiveCfg = Debug|Any CPU
		{9428DDB4-CF87-4542-94AC-F30952C93489}.Debug|Any CPU.Build.0 = Debug|Any CPU
		{9428DDB4-CF87-4542-94AC-F30952C93489}.Release|Any CPU.ActiveCfg = Release|Any CPU
		{9428DDB4-CF87-4542-94AC-F30952C93489}.Release|Any CPU.Build.0 = Release|Any CPU
		{DD89E7A2-E33A-4745-94BA-FC912DCB9722}.Debug|Any CPU.ActiveCfg = Debug|Any CPU
		{DD89E7A2-E33A-4745-94BA-FC912DCB9722}.Debug|Any CPU.Build.0 = Debug|Any CPU
		{DD89E7A2-E33A-4745-94BA-FC912DCB9722}.Release|Any CPU.ActiveCfg = Release|Any CPU
		{DD89E7A2-E33A-4745-94BA-FC912DCB9722}.Release|Any CPU.Build.0 = Release|Any CPU
		{F68B7C8A-7AD5-40F0-BF8C-31A5D02E10B5}.Debug|Any CPU.ActiveCfg = Debug|Any CPU
		{F68B7C8A-7AD5-40F0-BF8C-31A5D02E10B5}.Debug|Any CPU.Build.0 = Debug|Any CPU
		{F68B7C8A-7AD5-40F0-BF8C-31A5D02E10B5}.Release|Any CPU.ActiveCfg = Release|Any CPU
		{F68B7C8A-7AD5-40F0-BF8C-31A5D02E10B5}.Release|Any CPU.Build.0 = Release|Any CPU
		{5A2874FA-00DC-493B-952A-7037DC53EB9E}.Debug|Any CPU.ActiveCfg = Debug|Any CPU
		{5A2874FA-00DC-493B-952A-7037DC53EB9E}.Debug|Any CPU.Build.0 = Debug|Any CPU
		{5A2874FA-00DC-493B-952A-7037DC53EB9E}.Release|Any CPU.ActiveCfg = Release|Any CPU
		{5A2874FA-00DC-493B-952A-7037DC53EB9E}.Release|Any CPU.Build.0 = Release|Any CPU
		{603797B3-2F68-46A9-955A-02B71A05913B}.Debug|Any CPU.ActiveCfg = Debug|Any CPU
		{603797B3-2F68-46A9-955A-02B71A05913B}.Debug|Any CPU.Build.0 = Debug|Any CPU
		{603797B3-2F68-46A9-955A-02B71A05913B}.Release|Any CPU.ActiveCfg = Release|Any CPU
		{603797B3-2F68-46A9-955A-02B71A05913B}.Release|Any CPU.Build.0 = Release|Any CPU
		{9F2631C6-6554-4DC8-A218-18F5CCE04688}.Debug|Any CPU.ActiveCfg = Debug|Any CPU
		{9F2631C6-6554-4DC8-A218-18F5CCE04688}.Debug|Any CPU.Build.0 = Debug|Any CPU
		{9F2631C6-6554-4DC8-A218-18F5CCE04688}.Release|Any CPU.ActiveCfg = Release|Any CPU
		{9F2631C6-6554-4DC8-A218-18F5CCE04688}.Release|Any CPU.Build.0 = Release|Any CPU
		{4CC12B9F-A62A-419B-A81B-F1D02470CEDE}.Debug|Any CPU.ActiveCfg = Debug|Any CPU
		{4CC12B9F-A62A-419B-A81B-F1D02470CEDE}.Debug|Any CPU.Build.0 = Debug|Any CPU
		{4CC12B9F-A62A-419B-A81B-F1D02470CEDE}.Release|Any CPU.ActiveCfg = Release|Any CPU
		{4CC12B9F-A62A-419B-A81B-F1D02470CEDE}.Release|Any CPU.Build.0 = Release|Any CPU
		{22CAB1DC-8BBC-4E44-9F10-4AE7EAA39EC7}.Debug|Any CPU.ActiveCfg = Debug|Any CPU
		{22CAB1DC-8BBC-4E44-9F10-4AE7EAA39EC7}.Debug|Any CPU.Build.0 = Debug|Any CPU
		{22CAB1DC-8BBC-4E44-9F10-4AE7EAA39EC7}.Release|Any CPU.ActiveCfg = Release|Any CPU
		{22CAB1DC-8BBC-4E44-9F10-4AE7EAA39EC7}.Release|Any CPU.Build.0 = Release|Any CPU
		{BE70FE43-737C-476C-B09D-2164B0807701}.Debug|Any CPU.ActiveCfg = Debug|Any CPU
		{BE70FE43-737C-476C-B09D-2164B0807701}.Debug|Any CPU.Build.0 = Debug|Any CPU
		{BE70FE43-737C-476C-B09D-2164B0807701}.Release|Any CPU.ActiveCfg = Release|Any CPU
		{BE70FE43-737C-476C-B09D-2164B0807701}.Release|Any CPU.Build.0 = Release|Any CPU
		{9838F382-AD2F-42E4-9A7F-5D9388101B08}.Debug|Any CPU.ActiveCfg = Debug|Any CPU
		{9838F382-AD2F-42E4-9A7F-5D9388101B08}.Debug|Any CPU.Build.0 = Debug|Any CPU
		{9838F382-AD2F-42E4-9A7F-5D9388101B08}.Release|Any CPU.ActiveCfg = Release|Any CPU
		{9838F382-AD2F-42E4-9A7F-5D9388101B08}.Release|Any CPU.Build.0 = Release|Any CPU
	EndGlobalSection
	GlobalSection(SolutionProperties) = preSolution
		HideSolutionNode = FALSE
	EndGlobalSection
	GlobalSection(ExtensibilityGlobals) = postSolution
		SolutionGuid = {4D4EE7C1-DAB8-4D2D-83B7-5A948E7532CA}
	EndGlobalSection
EndGlobal
